
Microsoft Visual Studio Solution File, Format Version 12.00
# Visual Studio 15
VisualStudioVersion = 15.0.27428.2027
MinimumVisualStudioVersion = 10.0.40219.1
Project("{FAE04EC0-301F-11D3-BF4B-00C04F79EFBC}") = "WindowsFormsApp1", "WindowsFormsApp1\WindowsFormsApp1.csproj", "{FA3A0A7A-29AC-4DF6-9749-A67024663505}"
EndProject
Global
	GlobalSection(SolutionConfigurationPlatforms) = preSolution
		Debug|Any CPU = Debug|Any CPU
		Release|Any CPU = Release|Any CPU
	EndGlobalSection
	GlobalSection(ProjectConfigurationPlatforms) = postSolution
		{FA3A0A7A-29AC-4DF6-9749-A67024663505}.Debug|Any CPU.ActiveCfg = Debug|Any CPU
		{FA3A0A7A-29AC-4DF6-9749-A67024663505}.Debug|Any CPU.Build.0 = Debug|Any CPU
		{FA3A0A7A-29AC-4DF6-9749-A67024663505}.Release|Any CPU.ActiveCfg = Release|Any CPU
		{FA3A0A7A-29AC-4DF6-9749-A67024663505}.Release|Any CPU.Build.0 = Release|Any CPU
	EndGlobalSection
	GlobalSection(SolutionProperties) = preSolution
		HideSolutionNode = FALSE
	EndGlobalSection
	GlobalSection(ExtensibilityGlobals) = postSolution
		SolutionGuid = {5692D8EF-28E9-4DA4-B95D-C2004FE2C3FE}
	EndGlobalSection
EndGlobal
